
Microsoft Visual Studio Solution File, Format Version 12.00
# Visual Studio Version 17
VisualStudioVersion = 17.13.35818.85
MinimumVisualStudioVersion = 10.0.40219.1
Project("{FAE04EC0-301F-11D3-BF4B-00C04F79EFBC}") = "HealoSysMqtt", "HealoSysMqtt\HealoSysMqtt.csproj", "{160B9854-2FD5-419B-9969-EDC7B6B5D2EF}"
EndProject
Project("{FAE04EC0-301F-11D3-BF4B-00C04F79EFBC}") = "HealoSysMqttTest", "HealoSysMqttTest\HealoSysMqttTest.csproj", "{993C81BD-5825-4BEB-A970-1E9C839A9991}"
EndProject
Global
	GlobalSection(SolutionConfigurationPlatforms) = preSolution
		Debug|Any CPU = Debug|Any CPU
		Release|Any CPU = Release|Any CPU
	EndGlobalSection
	GlobalSection(ProjectConfigurationPlatforms) = postSolution
		{160B9854-2FD5-419B-9969-EDC7B6B5D2EF}.Debug|Any CPU.ActiveCfg = Debug|Any CPU
		{160B9854-2FD5-419B-9969-EDC7B6B5D2EF}.Debug|Any CPU.Build.0 = Debug|Any CPU
		{160B9854-2FD5-419B-9969-EDC7B6B5D2EF}.Release|Any CPU.ActiveCfg = Release|Any CPU
		{160B9854-2FD5-419B-9969-EDC7B6B5D2EF}.Release|Any CPU.Build.0 = Release|Any CPU
		{993C81BD-5825-4BEB-A970-1E9C839A9991}.Debug|Any CPU.ActiveCfg = Debug|Any CPU
		{993C81BD-5825-4BEB-A970-1E9C839A9991}.Debug|Any CPU.Build.0 = Debug|Any CPU
		{993C81BD-5825-4BEB-A970-1E9C839A9991}.Release|Any CPU.ActiveCfg = Release|Any CPU
		{993C81BD-5825-4BEB-A970-1E9C839A9991}.Release|Any CPU.Build.0 = Release|Any CPU
	EndGlobalSection
	GlobalSection(SolutionProperties) = preSolution
		HideSolutionNode = FALSE
	EndGlobalSection
	GlobalSection(ExtensibilityGlobals) = postSolution
		SolutionGuid = {8B1C164E-7952-42E0-A87C-7F87FEF095EB}
	EndGlobalSection
EndGlobal
